{
  "name": "@weflow/cli",
  "version": "0.0.1",
  "lockfileVersion": 1,
  "requires": true,
  "dependencies": {
    "@types/color-name": {
      "version": "1.1.1",
      "resolved": "http://r.tnpm.oa.com/@types/color-name/download/@types/color-name-1.1.1.tgz",
      "integrity": "sha1-HBJhu+qhCoBVu8XYq4S3sq/IRqA="
    },
    "ansi-styles": {
      "version": "4.2.1",
      "resolved": "http://r.tnpm.oa.com/ansi-styles/download/ansi-styles-4.2.1.tgz",
      "integrity": "sha1-kK51xCTQCNJiTFvynq0xd+v881k=",
      "requires": {
        "@types/color-name": "1.1.1",
        "color-convert": "2.0.1"
      }
    },
    "chalk": {
      "version": "4.0.0",
      "resolved": "http://r.tnpm.oa.com/chalk/download/chalk-4.0.0.tgz",
      "integrity": "sha1-bpgIHtLRf6q2FetSrGbsH+YgnnI=",
      "requires": {
        "ansi-styles": "4.2.1",
        "supports-color": "7.1.0"
      }
    },
    "color-convert": {
      "version": "2.0.1",
      "resolved": "http://r.tnpm.oa.com/color-convert/download/color-convert-2.0.1.tgz",
      "integrity": "sha1-ctOmjVmMm9s68q0ehPIdiWq9TeM=",
      "requires": {
        "color-name": "1.1.4"
      }
    },
    "color-name": {
      "version": "1.1.4",
      "resolved": "http://r.tnpm.oa.com/color-name/download/color-name-1.1.4.tgz",
      "integrity": "sha1-wqCah6y95pVD3m9j+jmVyCbFNqI="
    },
    "commander": {
      "version": "5.0.0",
      "resolved": "http://r.tnpm.oa.com/commander/download/commander-5.0.0.tgz",
      "integrity": "sha1-2/GQm0nlBE+P2vCtyAnwwHIr39A="
    },
    "has-flag": {
      "version": "4.0.0",
      "resolved": "http://r.tnpm.oa.com/has-flag/download/has-flag-4.0.0.tgz",
      "integrity": "sha1-lEdx/ZyByBJlxNaUGGDaBrtZR5s="
    },
    "supports-color": {
      "version": "7.1.0",
      "resolved": "http://r.tnpm.oa.com/supports-color/download/supports-color-7.1.0.tgz",
      "integrity": "sha1-aOMlkd9z4lrRxLSRCKLsUHliv9E=",
      "requires": {
        "has-flag": "4.0.0"
      }
    }
  }
}
